
Microsoft Visual Studio Solution File, Format Version 12.00
# Visual Studio Version 16
VisualStudioVersion = 16.0.30907.101
MinimumVisualStudioVersion = 10.0.40219.1
Project("{FAE04EC0-301F-11D3-BF4B-00C04F79EFBC}") = "Grains", "Grains\Grains.csproj", "{EB55A371-A18C-46B2-932D-521FB7283880}"
EndProject
Global
	GlobalSection(SolutionConfigurationPlatforms) = preSolution
		Debug|Any CPU = Debug|Any CPU
		Release|Any CPU = Release|Any CPU
	EndGlobalSection
	GlobalSection(ProjectConfigurationPlatforms) = postSolution
		{EB55A371-A18C-46B2-932D-521FB7283880}.Debug|Any CPU.ActiveCfg = Debug|Any CPU
		{EB55A371-A18C-46B2-932D-521FB7283880}.Debug|Any CPU.Build.0 = Debug|Any CPU
		{EB55A371-A18C-46B2-932D-521FB7283880}.Release|Any CPU.ActiveCfg = Release|Any CPU
		{EB55A371-A18C-46B2-932D-521FB7283880}.Release|Any CPU.Build.0 = Release|Any CPU
	EndGlobalSection
	GlobalSection(SolutionProperties) = preSolution
		HideSolutionNode = FALSE
	EndGlobalSection
	GlobalSection(ExtensibilityGlobals) = postSolution
		SolutionGuid = {275A6814-02A5-44C5-9B9A-D7CED63F442F}
	EndGlobalSection
EndGlobal
